
Microsoft Visual Studio Solution File, Format Version 12.00
# Visual Studio 15
VisualStudioVersion = 15.0.26430.16
MinimumVisualStudioVersion = 10.0.40219.1
Project("{FAE04EC0-301F-11D3-BF4B-00C04F79EFBC}") = "CodeSearch", "CodeSearch\CodeSearch.csproj", "{FBC1D3A7-FF10-4629-A7AF-6FF17A610B2D}"
EndProject
Project("{FAE04EC0-301F-11D3-BF4B-00C04F79EFBC}") = "Indexer", "Indexer\Indexer.csproj", "{F54CCD0A-391F-4A63-A025-B8A4F5479AD1}"
EndProject
Project("{2150E333-8FDC-42A3-9474-1A3956D46DE8}") = "Solution items", "Solution items", "{9E0D47CD-1F78-4B74-B0AD-44C8C5BD0D2C}"
	ProjectSection(SolutionItems) = preProject
		Solution items\128x128.ico = Solution items\128x128.ico
		Solution items\16x16.ico = Solution items\16x16.ico
		Solution items\20x20.ico = Solution items\20x20.ico
		Solution items\24x24.ico = Solution items\24x24.ico
		Solution items\256x256.ico = Solution items\256x256.ico
		Solution items\32x32.ico = Solution items\32x32.ico
		Solution items\48x48.ico = Solution items\48x48.ico
		Solution items\64x64.ico = Solution items\64x64.ico
		Solution items\eula.txt = Solution items\eula.txt
		Solution items\icon.ico = Solution items\icon.ico
		Solution items\install.cmd = Solution items\install.cmd
		Solution items\nlog.config = Solution items\nlog.config
		Solution items\NLog.xsd = Solution items\NLog.xsd
		Solution items\output_runmany.cmd = Solution items\output_runmany.cmd
		Solution items\output_runonce.cmd = Solution items\output_runonce.cmd
	EndProjectSection
EndProject
Project("{FAE04EC0-301F-11D3-BF4B-00C04F79EFBC}") = "Shared", "Shared\Shared.csproj", "{A21D3E6F-ED31-4F04-8C88-7FA159518311}"
EndProject
Project("{FAE04EC0-301F-11D3-BF4B-00C04F79EFBC}") = "Webhost", "Webhost\Webhost.csproj", "{71EB00E4-F36E-45BE-A999-D364446EFDA9}"
EndProject
Project("{FAE04EC0-301F-11D3-BF4B-00C04F79EFBC}") = "Sentry", "Sentry\Sentry.csproj", "{40139F0F-63EB-470A-A9EC-1136812879AD}"
EndProject
Project("{FAE04EC0-301F-11D3-BF4B-00C04F79EFBC}") = "Installer", "Installer\Installer.csproj", "{B61932E9-F6E3-452D-8BB3-5ACF40352B8E}"
	ProjectSection(ProjectDependencies) = postProject
		{F54CCD0A-391F-4A63-A025-B8A4F5479AD1} = {F54CCD0A-391F-4A63-A025-B8A4F5479AD1}
		{40139F0F-63EB-470A-A9EC-1136812879AD} = {40139F0F-63EB-470A-A9EC-1136812879AD}
		{A21D3E6F-ED31-4F04-8C88-7FA159518311} = {A21D3E6F-ED31-4F04-8C88-7FA159518311}
		{FBC1D3A7-FF10-4629-A7AF-6FF17A610B2D} = {FBC1D3A7-FF10-4629-A7AF-6FF17A610B2D}
		{71EB00E4-F36E-45BE-A999-D364446EFDA9} = {71EB00E4-F36E-45BE-A999-D364446EFDA9}
	EndProjectSection
EndProject
Global
	GlobalSection(SolutionConfigurationPlatforms) = preSolution
		Debug|Any CPU = Debug|Any CPU
		Release|Any CPU = Release|Any CPU
	EndGlobalSection
	GlobalSection(ProjectConfigurationPlatforms) = postSolution
		{FBC1D3A7-FF10-4629-A7AF-6FF17A610B2D}.Debug|Any CPU.ActiveCfg = Debug|Any CPU
		{FBC1D3A7-FF10-4629-A7AF-6FF17A610B2D}.Debug|Any CPU.Build.0 = Debug|Any CPU
		{FBC1D3A7-FF10-4629-A7AF-6FF17A610B2D}.Release|Any CPU.ActiveCfg = Release|Any CPU
		{FBC1D3A7-FF10-4629-A7AF-6FF17A610B2D}.Release|Any CPU.Build.0 = Release|Any CPU
		{F54CCD0A-391F-4A63-A025-B8A4F5479AD1}.Debug|Any CPU.ActiveCfg = Debug|Any CPU
		{F54CCD0A-391F-4A63-A025-B8A4F5479AD1}.Debug|Any CPU.Build.0 = Debug|Any CPU
		{F54CCD0A-391F-4A63-A025-B8A4F5479AD1}.Release|Any CPU.ActiveCfg = Release|Any CPU
		{F54CCD0A-391F-4A63-A025-B8A4F5479AD1}.Release|Any CPU.Build.0 = Release|Any CPU
		{A21D3E6F-ED31-4F04-8C88-7FA159518311}.Debug|Any CPU.ActiveCfg = Debug|Any CPU
		{A21D3E6F-ED31-4F04-8C88-7FA159518311}.Debug|Any CPU.Build.0 = Debug|Any CPU
		{A21D3E6F-ED31-4F04-8C88-7FA159518311}.Release|Any CPU.ActiveCfg = Release|Any CPU
		{A21D3E6F-ED31-4F04-8C88-7FA159518311}.Release|Any CPU.Build.0 = Release|Any CPU
		{71EB00E4-F36E-45BE-A999-D364446EFDA9}.Debug|Any CPU.ActiveCfg = Debug|Any CPU
		{71EB00E4-F36E-45BE-A999-D364446EFDA9}.Debug|Any CPU.Build.0 = Debug|Any CPU
		{71EB00E4-F36E-45BE-A999-D364446EFDA9}.Release|Any CPU.ActiveCfg = Release|Any CPU
		{71EB00E4-F36E-45BE-A999-D364446EFDA9}.Release|Any CPU.Build.0 = Release|Any CPU
		{40139F0F-63EB-470A-A9EC-1136812879AD}.Debug|Any CPU.ActiveCfg = Debug|Any CPU
		{40139F0F-63EB-470A-A9EC-1136812879AD}.Debug|Any CPU.Build.0 = Debug|Any CPU
		{40139F0F-63EB-470A-A9EC-1136812879AD}.Release|Any CPU.ActiveCfg = Release|Any CPU
		{40139F0F-63EB-470A-A9EC-1136812879AD}.Release|Any CPU.Build.0 = Release|Any CPU
		{B61932E9-F6E3-452D-8BB3-5ACF40352B8E}.Debug|Any CPU.ActiveCfg = Debug|Any CPU
		{B61932E9-F6E3-452D-8BB3-5ACF40352B8E}.Debug|Any CPU.Build.0 = Debug|Any CPU
		{B61932E9-F6E3-452D-8BB3-5ACF40352B8E}.Release|Any CPU.ActiveCfg = Release|Any CPU
		{B61932E9-F6E3-452D-8BB3-5ACF40352B8E}.Release|Any CPU.Build.0 = Release|Any CPU
	EndGlobalSection
	GlobalSection(SolutionProperties) = preSolution
		HideSolutionNode = FALSE
	EndGlobalSection
EndGlobal
